{
  "object": {
    "pins": [
      {
        "package": "CCairo",
        "repositoryURL": "https://github.com/PureSwift/CCairo.git",
        "state": {
          "branch": "master",
          "revision": "9470688642d8906dd29aa66850cbab13445e6590",
          "version": null
        }
      },
      {
        "package": "CFontConfig",
        "repositoryURL": "https://github.com/PureSwift/CFontConfig.git",
        "state": {
          "branch": "master",
          "revision": "149b01e9a29e265f785dc6ab5003b4a6f1074a5f",
          "version": null
        }
      },
      {
        "package": "CFreeType",
        "repositoryURL": "https://github.com/PureSwift/CFreeType.git",
        "state": {
          "branch": null,
          "revision": "079909dc68c13c700bb6bab3059ddf51f642b43a",
          "version": "1.0.4"
        }
      },
      {
        "package": "CLCMS",
        "repositoryURL": "https://github.com/PureSwift/CLCMS.git",
        "state": {
          "branch": null,
          "revision": "20d18d62ebc642e52758512cab59af06f2d3655e",
          "version": "1.0.0"
        }
      },
      {
        "package": "Cairo",
        "repositoryURL": "https://github.com/serhii-londar/Cairo.git",
        "state": {
          "branch": "master",
          "revision": "f545d0d9ec38ea081b0ff95b370ef0f559e4fb56",
          "version": null
        }
      },
      {
        "package": "LittleCMS",
        "repositoryURL": "https://github.com/PureSwift/LittleCMS.git",
        "state": {
          "branch": "master",
          "revision": "4143dfd3916be5b1ccd3cc46c27d939e9b63c0dd",
          "version": null
        }
      }
    ]
  },
  "version": 1
}
